<?xml version="1.0" encoding="utf-8"?>
<Project ToolsVersion="4.0" xmlns="http://schemas.microsoft.com/developer/msbuild/2003">
  <ItemGroup>
    <Filter Include="src">
      <UniqueIdentifier>{f81eda51-ea38-4757-a2c9-6e8e98432c7f}</UniqueIdentifier>
    </Filter>
    <Filter Include="header">
      <UniqueIdentifier>{35812c73-ee47-4687-87af-5f2ab16eaa6c}</UniqueIdentifier>
    </Filter>
    <Filter Include="shader">
      <UniqueIdentifier>{c21d87d5-48cb-432f-b880-1360b34a6e4c}</UniqueIdentifier>
    </Filter>
    <Filter Include="src\example">
      <UniqueIdentifier>{6136a7f8-1fd1-4407-93be-1005b767ce64}</UniqueIdentifier>
    </Filter>
    <Filter Include="shader\example">
      <UniqueIdentifier>{296738ff-ae75-4b3b-9970-4fcb713f6a8f}</UniqueIdentifier>
    </Filter>
  </ItemGroup>
  <ItemGroup>
    <None Include="triangle_colored.cpp">
      <Filter>src\example</Filter>
    </None>
    <None Include="quad_textured.cpp">
      <Filter>src\example</Filter>
    </None>
    <None Include="post_effect.cpp">
      <Filter>src\example</Filter>
    </None>
    <None Include="..\..\data\shader\bump_mapping.fx">
      <Filter>shader\example</Filter>
    </None>
    <None Include="..\..\data\shader\colored.fx">
      <Filter>shader\example</Filter>
    </None>
    <None Include="..\..\data\shader\post_effect.fx">
      <Filter>shader\example</Filter>
    </None>
    <None Include="..\..\data\shader\simple.fx">
      <Filter>shader\example</Filter>
    </None>
    <None Include="..\..\data\shader\textured.fx">
      <Filter>shader\example</Filter>
    </None>
    <None Include="bump_mapping.cpp">
      <Filter>src\example</Filter>
    </None>
    <None Include="..\..\data\shader\mandelbrot.fx">
      <Filter>shader\example</Filter>
    </None>
    <None Include="..\..\data\shader\chess.fx">
      <Filter>shader\example</Filter>
    </None>
    <None Include="klausur.cpp">
      <Filter>src</Filter>
    </None>
  </ItemGroup>
  <ItemGroup>
    <ClCompile Include="..\..\data\shader\chess.cpp">
      <Filter>src</Filter>
    </ClCompile>
  </ItemGroup>
</Project>